Microsoft Visual Studio Solution File, Format Version 12.00
# Visual Studio Version 16
VisualStudioVersion = 16.0.31025.194
MinimumVisualStudioVersion = 10.0.40219.1
Project("{9A19103F-16F7-4668-BE54-9A1E7A4F7556}") = "ModMaker.Lua", "ModMaker.Lua\ModMaker.Lua.csproj", "{45577E90-C7CA-4331-A0EA-E40EAA65E37C}"
EndProject
Project("{9A19103F-16F7-4668-BE54-9A1E7A4F7556}") = "Example Project", "Example Project\Example Project.csproj", "{63E9EB60-ACD8-4E25-8A00-2BD153FB4501}"
EndProject
Project("{FAE04EC0-301F-11D3-BF4B-00C04F79EFBC}") = "Unit Tests", "Unit Tests\Unit Tests.csproj", "{1DC05418-4E7F-4591-AD4C-F67C083E7181}"
EndProject
Global
	GlobalSection(SolutionConfigurationPlatforms) = preSolution
		Debug|Any CPU = Debug|Any CPU
		Debug|Mixed Platforms = Debug|Mixed Platforms
		Debug|x86 = Debug|x86
		Release|Any CPU = Release|Any CPU
		Release|Mixed Platforms = Release|Mixed Platforms
		Release|x86 = Release|x86
	EndGlobalSection
	GlobalSection(ProjectConfigurationPlatforms) = postSolution
		{45577E90-C7CA-4331-A0EA-E40EAA65E37C}.Debug|Any CPU.ActiveCfg = Debug|Any CPU
		{45577E90-C7CA-4331-A0EA-E40EAA65E37C}.Debug|Any CPU.Build.0 = Debug|Any CPU
		{45577E90-C7CA-4331-A0EA-E40EAA65E37C}.Debug|Mixed Platforms.ActiveCfg = Debug|Any CPU
		{45577E90-C7CA-4331-A0EA-E40EAA65E37C}.Debug|Mixed Platforms.Build.0 = Debug|Any CPU
		{45577E90-C7CA-4331-A0EA-E40EAA65E37C}.Debug|x86.ActiveCfg = Debug|Any CPU
		{45577E90-C7CA-4331-A0EA-E40EAA65E37C}.Debug|x86.Build.0 = Debug|Any CPU
		{45577E90-C7CA-4331-A0EA-E40EAA65E37C}.Release|Any CPU.ActiveCfg = Release|Any CPU
		{45577E90-C7CA-4331-A0EA-E40EAA65E37C}.Release|Any CPU.Build.0 = Release|Any CPU
		{45577E90-C7CA-4331-A0EA-E40EAA65E37C}.Release|Mixed Platforms.ActiveCfg = Release|Any CPU
		{45577E90-C7CA-4331-A0EA-E40EAA65E37C}.Release|Mixed Platforms.Build.0 = Release|Any CPU
		{45577E90-C7CA-4331-A0EA-E40EAA65E37C}.Release|x86.ActiveCfg = Release|Any CPU
		{45577E90-C7CA-4331-A0EA-E40EAA65E37C}.Release|x86.Build.0 = Release|Any CPU
		{63E9EB60-ACD8-4E25-8A00-2BD153FB4501}.Debug|Any CPU.ActiveCfg = Debug|Any CPU
		{63E9EB60-ACD8-4E25-8A00-2BD153FB4501}.Debug|Any CPU.Build.0 = Debug|Any CPU
		{63E9EB60-ACD8-4E25-8A00-2BD153FB4501}.Debug|Mixed Platforms.ActiveCfg = Debug|Any CPU
		{63E9EB60-ACD8-4E25-8A00-2BD153FB4501}.Debug|Mixed Platforms.Build.0 = Debug|Any CPU
		{63E9EB60-ACD8-4E25-8A00-2BD153FB4501}.Debug|x86.ActiveCfg = Debug|Any CPU
		{63E9EB60-ACD8-4E25-8A00-2BD153FB4501}.Debug|x86.Build.0 = Debug|Any CPU
		{63E9EB60-ACD8-4E25-8A00-2BD153FB4501}.Release|Any CPU.ActiveCfg = Release|Any CPU
		{63E9EB60-ACD8-4E25-8A00-2BD153FB4501}.Release|Any CPU.Build.0 = Release|Any CPU
		{63E9EB60-ACD8-4E25-8A00-2BD153FB4501}.Release|Mixed Platforms.ActiveCfg = Release|Any CPU
		{63E9EB60-ACD8-4E25-8A00-2BD153FB4501}.Release|Mixed Platforms.Build.0 = Release|Any CPU
		{63E9EB60-ACD8-4E25-8A00-2BD153FB4501}.Release|x86.ActiveCfg = Release|Any CPU
		{63E9EB60-ACD8-4E25-8A00-2BD153FB4501}.Release|x86.Build.0 = Release|Any CPU
		{1DC05418-4E7F-4591-AD4C-F67C083E7181}.Debug|Any CPU.ActiveCfg = Debug|Any CPU
		{1DC05418-4E7F-4591-AD4C-F67C083E7181}.Debug|Any CPU.Build.0 = Debug|Any CPU
		{1DC05418-4E7F-4591-AD4C-F67C083E7181}.Debug|Mixed Platforms.ActiveCfg = Debug|Any CPU
		{1DC05418-4E7F-4591-AD4C-F67C083E7181}.Debug|Mixed Platforms.Build.0 = Debug|Any CPU
		{1DC05418-4E7F-4591-AD4C-F67C083E7181}.Debug|x86.ActiveCfg = Debug|Any CPU
		{1DC05418-4E7F-4591-AD4C-F67C083E7181}.Debug|x86.Build.0 = Debug|Any CPU
		{1DC05418-4E7F-4591-AD4C-F67C083E7181}.Release|Any CPU.ActiveCfg = Release|Any CPU
		{1DC05418-4E7F-4591-AD4C-F67C083E7181}.Release|Any CPU.Build.0 = Release|Any CPU
		{1DC05418-4E7F-4591-AD4C-F67C083E7181}.Release|Mixed Platforms.ActiveCfg = Release|Any CPU
		{1DC05418-4E7F-4591-AD4C-F67C083E7181}.Release|Mixed Platforms.Build.0 = Release|Any CPU
		{1DC05418-4E7F-4591-AD4C-F67C083E7181}.Release|x86.ActiveCfg = Release|Any CPU
		{1DC05418-4E7F-4591-AD4C-F67C083E7181}.Release|x86.Build.0 = Release|Any CPU
	EndGlobalSection
	GlobalSection(SolutionProperties) = preSolution
		HideSolutionNode = FALSE
	EndGlobalSection
	GlobalSection(ExtensibilityGlobals) = postSolution
		SolutionGuid = {AC24EBA5-1463-4354-A327-7811E54D4420}
	EndGlobalSection
EndGlobal
